
Microsoft Visual Studio Solution File, Format Version 12.00
# Visual Studio Version 17
VisualStudioVersion = 17.0.32112.339
MinimumVisualStudioVersion = 10.0.40219.1
Project("{FAE04EC0-301F-11D3-BF4B-00C04F79EFBC}") = "Console", "Console\Console.csproj", "{A57F9911-2592-46D5-83FA-CEBF0C5E7096}"
EndProject
Project("{FAE04EC0-301F-11D3-BF4B-00C04F79EFBC}") = "Model", "Model\Model.csproj", "{37F92B6E-00F3-43BC-B01D-E4E921A9CDA6}"
EndProject
Project("{FAE04EC0-301F-11D3-BF4B-00C04F79EFBC}") = "Controller", "Controller\Controller.csproj", "{9B185DC9-52B0-4EFA-A838-DA9B75491924}"
EndProject
Project("{FAE04EC0-301F-11D3-BF4B-00C04F79EFBC}") = "ControllerTest", "ControllerTest\ControllerTest.csproj", "{9486203A-4BCE-4E4D-A175-A2191A0F3620}"
EndProject
Global
	GlobalSection(SolutionConfigurationPlatforms) = preSolution
		Debug|Any CPU = Debug|Any CPU
		Release|Any CPU = Release|Any CPU
	EndGlobalSection
	GlobalSection(ProjectConfigurationPlatforms) = postSolution
		{A57F9911-2592-46D5-83FA-CEBF0C5E7096}.Debug|Any CPU.ActiveCfg = Debug|Any CPU
		{A57F9911-2592-46D5-83FA-CEBF0C5E7096}.Debug|Any CPU.Build.0 = Debug|Any CPU
		{A57F9911-2592-46D5-83FA-CEBF0C5E7096}.Release|Any CPU.ActiveCfg = Release|Any CPU
		{A57F9911-2592-46D5-83FA-CEBF0C5E7096}.Release|Any CPU.Build.0 = Release|Any CPU
		{37F92B6E-00F3-43BC-B01D-E4E921A9CDA6}.Debug|Any CPU.ActiveCfg = Debug|Any CPU
		{37F92B6E-00F3-43BC-B01D-E4E921A9CDA6}.Debug|Any CPU.Build.0 = Debug|Any CPU
		{37F92B6E-00F3-43BC-B01D-E4E921A9CDA6}.Release|Any CPU.ActiveCfg = Release|Any CPU
		{37F92B6E-00F3-43BC-B01D-E4E921A9CDA6}.Release|Any CPU.Build.0 = Release|Any CPU
		{9B185DC9-52B0-4EFA-A838-DA9B75491924}.Debug|Any CPU.ActiveCfg = Debug|Any CPU
		{9B185DC9-52B0-4EFA-A838-DA9B75491924}.Debug|Any CPU.Build.0 = Debug|Any CPU
		{9B185DC9-52B0-4EFA-A838-DA9B75491924}.Release|Any CPU.ActiveCfg = Release|Any CPU
		{9B185DC9-52B0-4EFA-A838-DA9B75491924}.Release|Any CPU.Build.0 = Release|Any CPU
		{9486203A-4BCE-4E4D-A175-A2191A0F3620}.Debug|Any CPU.ActiveCfg = Debug|Any CPU
		{9486203A-4BCE-4E4D-A175-A2191A0F3620}.Debug|Any CPU.Build.0 = Debug|Any CPU
		{9486203A-4BCE-4E4D-A175-A2191A0F3620}.Release|Any CPU.ActiveCfg = Release|Any CPU
		{9486203A-4BCE-4E4D-A175-A2191A0F3620}.Release|Any CPU.Build.0 = Release|Any CPU
	EndGlobalSection
	GlobalSection(SolutionProperties) = preSolution
		HideSolutionNode = FALSE
	EndGlobalSection
	GlobalSection(ExtensibilityGlobals) = postSolution
		SolutionGuid = {C0B4385D-39A4-45F9-B177-A67CF2046EFB}
	EndGlobalSection
EndGlobal
